<Solution>
  <Folder Name="/Project/">
    <Project Path="Application/Application.csproj" Id="049eaf14-73e0-4ca5-8eb6-67f41c6949bb" />
    <Project Path="Core/Core.csproj" Id="db4a3a6e-8e3c-42fa-8176-b34ea4cb111f" />
    <Project Path="Repository/Repository.csproj" Id="9dee12fe-4862-461c-8859-534b86f1b31c" />
    <Project Path="UI/UI.csproj" Id="eef29011-133e-4446-aacf-fd14a9ba38f6" />
  </Folder>
  <Folder Name="/Registration/">
    <Project Path="UnivercityApplication/UnivercityApplication.csproj" Id="59fc0758-17be-4b83-9e5c-4280dab6a0ec" />
    <Project Path="UnivercityCore/UnivercityCore.csproj" Id="4b8a6ce9-52a5-4031-8a63-32933bcd2041" />
    <Project Path="UnivercityRepository/UnivercityRepository.csproj" Id="8c193d3c-295d-4ae3-83bf-4cdbdebe22cf" />
    <Project Path="UnivercityUI/UnivercityUI.csproj" Id="7a1f5f92-d98b-49c4-aa08-0a3f77a4ec23" />
  </Folder>
  <Project Path="lecture1/lecture1.csproj" />
  <Project Path="Lecture10/Lecture10.csproj" Id="2fc8f83e-fff7-4c89-8e2b-6efcee1a6598" />
  <Project Path="Lecture11/Lecture11.csproj" Id="8d00aab9-557d-4189-a904-7ac4d95b7150" />
  <Project Path="Lecture12/Lecture12.csproj" Id="8e4622e5-3483-44fe-9bd7-294dfcf12aef" />
  <Project Path="Lecture13/Lecture13.csproj" Id="01a1c6e7-974b-48e1-893b-0da4dc9289a9" />
  <Project Path="Lecture14/Lecture14.csproj" Id="dc8e9365-e73c-4047-98d7-670e10190cfd" />
  <Project Path="Lecture15/Lecture15.csproj" Id="138b0661-b5eb-41d1-a09a-df044c5aa9df" />
  <Project Path="Lecture16/Lecture16.csproj" Id="c0cc4743-ec65-4dc1-9df2-5c9291ab1d74" />
  <Project Path="Lecture17/Lecture17.csproj" Id="08fda167-4c8f-4c14-bd76-398c7f189062" />
  <Project Path="lecture2/lecture2.csproj" Id="429c6066-2e47-4ddb-8396-d153f9e1f624" />
  <Project Path="Lecture21/Lecture21.csproj" Id="5a35d9f4-ea9c-45a1-94f2-f3e95ceaf4dd" />
  <Project Path="lecture3/lecture3.csproj" Id="dd648a57-9a9a-4218-ba24-6b9f0ddbbdec" />
  <Project Path="lecture4/lecture4.csproj" Id="b7be7590-5f5e-4061-b4a8-85c8ba004e96" />
  <Project Path="lecture5/lecture5.csproj" Id="ff9abcba-7424-4095-9269-4b6df783e857" />
  <Project Path="lecture6/lecture6.csproj" Id="c36630d2-a182-46e7-ac50-fc0fef97ce3f" />
  <Project Path="lecture7/lecture7.csproj" Id="711bf307-8cd5-42c3-b744-69fd90acca72" />
  <Project Path="lecture8/lecture8.csproj" Id="7f3c9a9f-b44e-4b7b-aa91-f890522c7dd1" />
  <Project Path="Lecture9/Lecture9.csproj" Id="813743f8-aff5-4906-a457-214011d80644" />
</Solution>
